# Auto-generated lock - do NOT edit by hand.
# Pins every wheel (direct + transitive) so release builds are reproducible
# and scripts/python-wheelhouse.manifest.json stops drifting. Used as a pip
# constraints file (-c) on normal builds; rewritten on --update-manifest.
# Regenerate after changing requirements.txt:
#   node scripts/prepare-python-wheelhouse.mjs --update-manifest
# Python 3.12.10, 125 packages.
aiohappyeyeballs==2.6.2
aiohttp==3.14.1
aiosignal==1.4.0
annotated-doc==0.0.4
annotated-types==0.7.0
anyio==4.14.0
attrs==26.1.0
bcrypt==5.0.0
beautifulsoup4==4.15.0
build==1.5.0
caldav==3.2.1
certifi==2026.5.20
cffi==2.0.0
charset-normalizer==3.4.7
chromadb==1.5.9
click==8.4.1
colorama==0.4.6
croniter==6.2.2
cryptography==49.0.0
defusedxml==0.7.1
dnspython==2.8.0
durationpy==0.10
fastapi==0.137.1
fastembed==0.8.0
filelock==3.29.4
flatbuffers==25.12.19
frozenlist==1.8.0
fsspec==2026.4.0
googleapis-common-protos==1.75.0
greenlet==3.5.1
grpcio==1.81.1
h11==0.16.0
hf-xet==1.5.1
httpcore==1.0.9
httptools==0.8.0
httpx-sse==0.4.3
httpx==0.28.1
huggingface-hub==1.19.0
icalendar-searcher==1.0.6
icalendar==7.1.3
idna==3.18
importlib-resources==7.1.0
iniconfig==2.3.0
jh2==5.0.13
jsonschema-specifications==2025.9.1
jsonschema==4.26.0
kubernetes==36.0.2
loguru==0.7.3
lxml==6.1.1
markdown-it-py==4.2.0
markdown==3.10.2
mcp==1.27.2
mdurl==0.1.2
mmh3==5.2.1
multidict==6.7.1
nh3==0.3.5
niquests==3.19.1
numpy==2.4.6
oauthlib==3.3.1
onnxruntime==1.26.0
opentelemetry-api==1.42.1
opentelemetry-exporter-otlp-proto-common==1.42.1
opentelemetry-exporter-otlp-proto-grpc==1.42.1
opentelemetry-proto==1.42.1
opentelemetry-sdk==1.42.1
opentelemetry-semantic-conventions==0.63b1
orjson==3.11.9
overrides==7.7.0
packaging==26.2
pillow==12.2.0
pluggy==1.6.0
propcache==0.5.2
protobuf==6.33.6
py-rust-stemmers==0.1.8
pybase64==1.4.3
pycparser==3.0
pydantic-core==2.46.4
pydantic-settings==2.14.1
pydantic==2.13.4
pygments==2.20.0
pyjwt==2.13.0
pyotp==2.10.0
pypdf==6.13.2
pypika==0.51.1
pyproject-hooks==1.2.0
pytest-asyncio==1.4.0
pytest==9.1.0
python-dateutil==2.9.0.post0
python-dotenv==1.2.2
python-multipart==0.0.32
pywin32==312
pyyaml==6.0.3
qh3==1.9.2
qrcode==8.2
recurring-ical-events==3.8.2
referencing==0.37.0
requests-oauthlib==2.0.0
requests==2.34.2
rich==15.0.0
rpds-py==2026.5.1
ruff==0.15.17
shellingham==1.5.4
six==1.17.0
soupsieve==2.8.4
sqlalchemy==2.0.51
sse-starlette==3.4.4
starlette==1.3.1
tenacity==9.1.4
tokenizers==0.23.1
tqdm==4.68.2
typer==0.25.1
typing-extensions==4.15.0
typing-inspection==0.4.2
tzdata==2026.2
urllib3-future==2.21.902
urllib3==2.7.0
uvicorn==0.49.0
wassima==2.1.1
watchfiles==1.2.0
websocket-client==1.9.0
websockets==16.0
win32-setctime==1.2.0
x-wr-timezone==2.0.1
yarl==1.24.2
youtube-transcript-api==1.2.4
